
Microsoft Visual Studio Solution File, Format Version 12.00
# Visual Studio 2012
Project("{FAE04EC0-301F-11D3-BF4B-00C04F79EFBC}") = "VirtualMouse", "VirtualMouse\VirtualMouse.csproj", "{EA37F476-C83E-4DDD-AB73-99A8DCDDE574}"
EndProject
Global
	GlobalSection(SolutionConfigurationPlatforms) = preSolution
		Debug|Any CPU = Debug|Any CPU
		Release|Any CPU = Release|Any CPU
	EndGlobalSection
	GlobalSection(ProjectConfigurationPlatforms) = postSolution
		{EA37F476-C83E-4DDD-AB73-99A8DCDDE574}.Debug|Any CPU.ActiveCfg = Debug|Any CPU
		{EA37F476-C83E-4DDD-AB73-99A8DCDDE574}.Debug|Any CPU.Build.0 = Debug|Any CPU
		{EA37F476-C83E-4DDD-AB73-99A8DCDDE574}.Release|Any CPU.ActiveCfg = Release|Any CPU
		{EA37F476-C83E-4DDD-AB73-99A8DCDDE574}.Release|Any CPU.Build.0 = Release|Any CPU
	EndGlobalSection
	GlobalSection(SolutionProperties) = preSolution
		HideSolutionNode = FALSE
	EndGlobalSection
EndGlobal
